
Microsoft Visual Studio Solution File, Format Version 12.00
# Visual Studio 2013
VisualStudioVersion = 12.0.30723.0
MinimumVisualStudioVersion = 10.0.40219.1
Project("{FAE04EC0-301F-11D3-BF4B-00C04F79EFBC}") = "TeamUp.Web", "TeamUp.Web\TeamUp.Web.csproj", "{63F5D56E-BEB9-482A-B48B-DD2A73785CD6}"
EndProject
Project("{FAE04EC0-301F-11D3-BF4B-00C04F79EFBC}") = "TeamUp.Web.Tests", "TeamUp.Web.Tests\TeamUp.Web.Tests.csproj", "{3D25CEF1-36E1-4E17-9961-4D99090A56DE}"
EndProject
Project("{FAE04EC0-301F-11D3-BF4B-00C04F79EFBC}") = "TeamUp.Models", "TeamUp.Models\TeamUp.Models.csproj", "{67697F67-2342-4C27-9B31-E19576B364AA}"
EndProject
Project("{FAE04EC0-301F-11D3-BF4B-00C04F79EFBC}") = "TeamUp.Data", "TeamUp.Data\TeamUp.Data.csproj", "{00FBD982-CC18-46B1-996A-2CDC71BBCD75}"
EndProject
Global
	GlobalSection(SolutionConfigurationPlatforms) = preSolution
		Debug|Any CPU = Debug|Any CPU
		Release|Any CPU = Release|Any CPU
	EndGlobalSection
	GlobalSection(ProjectConfigurationPlatforms) = postSolution
		{63F5D56E-BEB9-482A-B48B-DD2A73785CD6}.Debug|Any CPU.ActiveCfg = Debug|Any CPU
		{63F5D56E-BEB9-482A-B48B-DD2A73785CD6}.Debug|Any CPU.Build.0 = Debug|Any CPU
		{63F5D56E-BEB9-482A-B48B-DD2A73785CD6}.Release|Any CPU.ActiveCfg = Release|Any CPU
		{63F5D56E-BEB9-482A-B48B-DD2A73785CD6}.Release|Any CPU.Build.0 = Release|Any CPU
		{3D25CEF1-36E1-4E17-9961-4D99090A56DE}.Debug|Any CPU.ActiveCfg = Debug|Any CPU
		{3D25CEF1-36E1-4E17-9961-4D99090A56DE}.Debug|Any CPU.Build.0 = Debug|Any CPU
		{3D25CEF1-36E1-4E17-9961-4D99090A56DE}.Release|Any CPU.ActiveCfg = Release|Any CPU
		{3D25CEF1-36E1-4E17-9961-4D99090A56DE}.Release|Any CPU.Build.0 = Release|Any CPU
		{67697F67-2342-4C27-9B31-E19576B364AA}.Debug|Any CPU.ActiveCfg = Debug|Any CPU
		{67697F67-2342-4C27-9B31-E19576B364AA}.Debug|Any CPU.Build.0 = Debug|Any CPU
		{67697F67-2342-4C27-9B31-E19576B364AA}.Release|Any CPU.ActiveCfg = Release|Any CPU
		{67697F67-2342-4C27-9B31-E19576B364AA}.Release|Any CPU.Build.0 = Release|Any CPU
		{00FBD982-CC18-46B1-996A-2CDC71BBCD75}.Debug|Any CPU.ActiveCfg = Debug|Any CPU
		{00FBD982-CC18-46B1-996A-2CDC71BBCD75}.Debug|Any CPU.Build.0 = Debug|Any CPU
		{00FBD982-CC18-46B1-996A-2CDC71BBCD75}.Release|Any CPU.ActiveCfg = Release|Any CPU
		{00FBD982-CC18-46B1-996A-2CDC71BBCD75}.Release|Any CPU.Build.0 = Release|Any CPU
	EndGlobalSection
	GlobalSection(SolutionProperties) = preSolution
		HideSolutionNode = FALSE
	EndGlobalSection
EndGlobal
